
Microsoft Visual Studio Solution File, Format Version 12.00
# Visual Studio Version 17
VisualStudioVersion = 17.6.33815.320
MinimumVisualStudioVersion = 10.0.40219.1
Project("{9A19103F-16F7-4668-BE54-9A1E7A4F7556}") = "DatingApp.API", "DatingApp.API\DatingApp.API.csproj", "{6CFABC3A-64D6-4175-A7CF-F393B4CF8F5A}"
EndProject
Project("{9A19103F-16F7-4668-BE54-9A1E7A4F7556}") = "DatingApp.Core", "DatingApp.Core\DatingApp.Core.csproj", "{F19E5267-9C3F-4FCA-BC59-23D0D540B040}"
EndProject
Project("{9A19103F-16F7-4668-BE54-9A1E7A4F7556}") = "DatingApp.Persistence", "DatingApp.Persistence\DatingApp.Persistence.csproj", "{A2D9ADBC-66D9-4CA8-A7D9-38AC3C00104A}"
EndProject
Project("{54A90642-561A-4BB1-A94E-469ADEE60C69}") = "client", "client\client.esproj", "{D29F10F6-8463-460F-A666-B5BDFAE4DDF5}"
EndProject
Project("{FAE04EC0-301F-11D3-BF4B-00C04F79EFBC}") = "DatingApp.Application", "DatingApp.Application\DatingApp.Application.csproj", "{18A04C94-C2D7-4A2C-B3B7-63C8E7DA1BB0}"
EndProject
Global
	GlobalSection(SolutionConfigurationPlatforms) = preSolution
		Debug|Any CPU = Debug|Any CPU
		Release|Any CPU = Release|Any CPU
	EndGlobalSection
	GlobalSection(ProjectConfigurationPlatforms) = postSolution
		{6CFABC3A-64D6-4175-A7CF-F393B4CF8F5A}.Debug|Any CPU.ActiveCfg = Debug|Any CPU
		{6CFABC3A-64D6-4175-A7CF-F393B4CF8F5A}.Debug|Any CPU.Build.0 = Debug|Any CPU
		{6CFABC3A-64D6-4175-A7CF-F393B4CF8F5A}.Release|Any CPU.ActiveCfg = Release|Any CPU
		{6CFABC3A-64D6-4175-A7CF-F393B4CF8F5A}.Release|Any CPU.Build.0 = Release|Any CPU
		{F19E5267-9C3F-4FCA-BC59-23D0D540B040}.Debug|Any CPU.ActiveCfg = Debug|Any CPU
		{F19E5267-9C3F-4FCA-BC59-23D0D540B040}.Debug|Any CPU.Build.0 = Debug|Any CPU
		{F19E5267-9C3F-4FCA-BC59-23D0D540B040}.Release|Any CPU.ActiveCfg = Release|Any CPU
		{F19E5267-9C3F-4FCA-BC59-23D0D540B040}.Release|Any CPU.Build.0 = Release|Any CPU
		{A2D9ADBC-66D9-4CA8-A7D9-38AC3C00104A}.Debug|Any CPU.ActiveCfg = Debug|Any CPU
		{A2D9ADBC-66D9-4CA8-A7D9-38AC3C00104A}.Debug|Any CPU.Build.0 = Debug|Any CPU
		{A2D9ADBC-66D9-4CA8-A7D9-38AC3C00104A}.Release|Any CPU.ActiveCfg = Release|Any CPU
		{A2D9ADBC-66D9-4CA8-A7D9-38AC3C00104A}.Release|Any CPU.Build.0 = Release|Any CPU
		{D29F10F6-8463-460F-A666-B5BDFAE4DDF5}.Debug|Any CPU.ActiveCfg = Debug|Any CPU
		{D29F10F6-8463-460F-A666-B5BDFAE4DDF5}.Debug|Any CPU.Build.0 = Debug|Any CPU
		{D29F10F6-8463-460F-A666-B5BDFAE4DDF5}.Debug|Any CPU.Deploy.0 = Debug|Any CPU
		{D29F10F6-8463-460F-A666-B5BDFAE4DDF5}.Release|Any CPU.ActiveCfg = Release|Any CPU
		{D29F10F6-8463-460F-A666-B5BDFAE4DDF5}.Release|Any CPU.Build.0 = Release|Any CPU
		{D29F10F6-8463-460F-A666-B5BDFAE4DDF5}.Release|Any CPU.Deploy.0 = Release|Any CPU
		{18A04C94-C2D7-4A2C-B3B7-63C8E7DA1BB0}.Debug|Any CPU.ActiveCfg = Debug|Any CPU
		{18A04C94-C2D7-4A2C-B3B7-63C8E7DA1BB0}.Debug|Any CPU.Build.0 = Debug|Any CPU
		{18A04C94-C2D7-4A2C-B3B7-63C8E7DA1BB0}.Release|Any CPU.ActiveCfg = Release|Any CPU
		{18A04C94-C2D7-4A2C-B3B7-63C8E7DA1BB0}.Release|Any CPU.Build.0 = Release|Any CPU
	EndGlobalSection
	GlobalSection(SolutionProperties) = preSolution
		HideSolutionNode = FALSE
	EndGlobalSection
	GlobalSection(ExtensibilityGlobals) = postSolution
		SolutionGuid = {7B23013C-E9C7-40C4-B017-777AB844425C}
	EndGlobalSection
EndGlobal
